
Microsoft Visual Studio Solution File, Format Version 12.00
# Visual Studio Version 17
VisualStudioVersion = 17.10.34916.146
MinimumVisualStudioVersion = 10.0.40219.1
Project("{FAE04EC0-301F-11D3-BF4B-00C04F79EFBC}") = "FM6_H", "FM6_H.csproj", "{36AB52C6-CE91-4CE9-A37E-9DB5B11AF62F}"
EndProject
Global
	GlobalSection(SolutionConfigurationPlatforms) = preSolution
		Debug|Any CPU = Debug|Any CPU
		Release|Any CPU = Release|Any CPU
	EndGlobalSection
	GlobalSection(ProjectConfigurationPlatforms) = postSolution
		{36AB52C6-CE91-4CE9-A37E-9DB5B11AF62F}.Debug|Any CPU.ActiveCfg = Debug|Any CPU
		{36AB52C6-CE91-4CE9-A37E-9DB5B11AF62F}.Debug|Any CPU.Build.0 = Debug|Any CPU
		{36AB52C6-CE91-4CE9-A37E-9DB5B11AF62F}.Release|Any CPU.ActiveCfg = Release|Any CPU
		{36AB52C6-CE91-4CE9-A37E-9DB5B11AF62F}.Release|Any CPU.Build.0 = Release|Any CPU
	EndGlobalSection
	GlobalSection(SolutionProperties) = preSolution
		HideSolutionNode = FALSE
	EndGlobalSection
	GlobalSection(ExtensibilityGlobals) = postSolution
		SolutionGuid = {C664739B-54D3-4300-AFD9-1176AEBED4F6}
	EndGlobalSection
EndGlobal
